{
  "version": "5",
  "specifiers": {
    "npm:nanoid@3": "3.3.19",
    "npm:nanoid@5": "5.1.16"
  },
  "npm": {
    "nanoid@3.3.19": {
      "integrity": "sha512-Y2tUNy4ouw6tq5oDSKeQYGOyhkUBhNOcGV/02KC+6kd9eDGqdZd++mjMiIDilrBYvjEnCYvVtsuHCuP+okSfug==",
      "bin": true
    },
    "nanoid@5.1.16": {
      "integrity": "sha512-kVrnsrJqMR8+oLJnGEmSWw9BivK5mt7H3FZatVRjrc5wGqFYuBxX1yG7+A7Gi5AefkX6t/oCkizcQgpu0cY1dQ==",
      "bin": true
    }
  },
  "workspace": {
    "dependencies": [
      "npm:nanoid@3",
      "npm:nanoid@5"
    ]
  }
}
