{
  "version": "5",
  "specifiers": {
    "jsr:@std/collections@1": "1.4.0",
    "jsr:@std/fmt@1": "1.0.10",
    "npm:string-width@8": "8.3.0"
  },
  "jsr": {
    "@std/collections@1.4.0": {
      "integrity": "bd7f74966e11de11b1f0420b7e8cb7bb381d8af7872b738443b92050db28c9c0"
    },
    "@std/fmt@1.0.10": {
      "integrity": "90dfba288802ac6de82fb31d0917eb9e4450b9925b954d5e51fc29ac07419db5"
    }
  },
  "npm": {
    "ansi-regex@6.3.0": {
      "integrity": "sha512-WpDfL7NO6j7tH88IDBNVdUJxDh9nmCteAVW9dsep846XdwF4naCBK+/tGLX3KJgcpgMRXCFlTM2hKGoK9FsdrQ=="
    },
    "get-east-asian-width@1.7.0": {
      "integrity": "sha512-XjH1AECxf0giL2V1aU8vKyRR2ppRUb5c0EvT7zuJTokQ74bNo52zOtghqdWIqrhUD79fo3x0WfKZdOqxF6LG1Q=="
    },
    "string-width@8.3.0": {
      "integrity": "sha512-ZbmZM0JCihQN91dWnxoipT2KOEyHqEyfRXUyjuRhW8b/xnqPDoq4gWEVApTVa9db2wN8mmoikgFBbjh71+cGeQ==",
      "dependencies": [
        "get-east-asian-width",
        "strip-ansi"
      ]
    },
    "strip-ansi@7.2.0": {
      "integrity": "sha512-yDPMNjp4WyfYBkHnjIRLfca1i6KMyGCtsVgoKe/z1+6vukgaENdgGBZt+ZmKPc4gavvEZ5OgHfHdrazhgNyG7w==",
      "dependencies": [
        "ansi-regex"
      ]
    }
  },
  "workspace": {
    "dependencies": [
      "jsr:@std/collections@1",
      "jsr:@std/fmt@1",
      "npm:string-width@8"
    ],
    "packageJson": {
      "dependencies": [
        "npm:esbuild@~0.28.2",
        "npm:rollup@^4.63.5"
      ]
    }
  }
}
