{
  "version": "5",
  "specifiers": {
    "jsr:@std/collections@1": "1.4.0",
    "jsr:@std/encoding@1": "1.0.11",
    "jsr:@std/fmt@1": "1.0.10",
    "jsr:@std/internal@^1.0.14": "1.0.14",
    "jsr:@std/path@1": "1.1.6",
    "jsr:@std/regexp@^1.0.2": "1.0.2",
    "jsr:@std/text@1": "1.1.0",
    "npm:marked@18": "18.0.14",
    "npm:nanoid@6": "6.0.1",
    "npm:string-width@8": "8.3.0"
  },
  "jsr": {
    "@std/collections@1.4.0": {
      "integrity": "bd7f74966e11de11b1f0420b7e8cb7bb381d8af7872b738443b92050db28c9c0"
    },
    "@std/encoding@1.0.11": {
      "integrity": "e7cef2f0b3153bccc17431e7c864a1de03a4b6d9647389c43e08aaa775d37385"
    },
    "@std/fmt@1.0.10": {
      "integrity": "90dfba288802ac6de82fb31d0917eb9e4450b9925b954d5e51fc29ac07419db5"
    },
    "@std/internal@1.0.14": {
      "integrity": "291516b3d4c35024d6ffbc0a9df5bf4c64116e05b50012cf846710152d2ffdf7"
    },
    "@std/path@1.1.6": {
      "integrity": "c68485c2a4dfbb5ae3cc74fae4e8c4e5d874cf8a8ed12927917235c758b46cbe",
      "dependencies": [
        "jsr:@std/internal"
      ]
    },
    "@std/regexp@1.0.2": {
      "integrity": "7493d47c077cfdb023e41a0b44fd608d87fe5b36fc3dc614261afc0f1452aabf"
    },
    "@std/text@1.1.0": {
      "integrity": "3db511996317f63e35b76fe18fe35249723ae0ff6f8305398c78dd64ffa809a7",
      "dependencies": [
        "jsr:@std/regexp"
      ]
    }
  },
  "npm": {
    "ansi-regex@6.3.0": {
      "integrity": "sha512-WpDfL7NO6j7tH88IDBNVdUJxDh9nmCteAVW9dsep846XdwF4naCBK+/tGLX3KJgcpgMRXCFlTM2hKGoK9FsdrQ=="
    },
    "get-east-asian-width@1.7.0": {
      "integrity": "sha512-XjH1AECxf0giL2V1aU8vKyRR2ppRUb5c0EvT7zuJTokQ74bNo52zOtghqdWIqrhUD79fo3x0WfKZdOqxF6LG1Q=="
    },
    "marked@18.0.14": {
      "integrity": "sha512-mBHK6FBHuBAlhgRe88w9F0O1AbwwXJUcQibUbC/QcdTbVGAD7aWza+xt3N6oT/jCZx3/OMeS+8rnuiHZcQ9s7A==",
      "bin": true
    },
    "nanoid@6.0.1": {
      "integrity": "sha512-3wVS3i51pE2pi1k5FFL/95BGfVS0kSsvDVuGXHOtxox/TywUmtgq+3qiTOTbs9J7KfHaXPiN171k/A6dBnaXFw==",
      "bin": true
    },
    "string-width@8.3.0": {
      "integrity": "sha512-ZbmZM0JCihQN91dWnxoipT2KOEyHqEyfRXUyjuRhW8b/xnqPDoq4gWEVApTVa9db2wN8mmoikgFBbjh71+cGeQ==",
      "dependencies": [
        "get-east-asian-width",
        "strip-ansi"
      ]
    },
    "strip-ansi@7.2.0": {
      "integrity": "sha512-yDPMNjp4WyfYBkHnjIRLfca1i6KMyGCtsVgoKe/z1+6vukgaENdgGBZt+ZmKPc4gavvEZ5OgHfHdrazhgNyG7w==",
      "dependencies": [
        "ansi-regex"
      ]
    }
  },
  "workspace": {
    "dependencies": [
      "jsr:@std/collections@1",
      "jsr:@std/encoding@1",
      "jsr:@std/fmt@1",
      "jsr:@std/path@1",
      "jsr:@std/text@1",
      "npm:marked@18",
      "npm:nanoid@6",
      "npm:string-width@8"
    ]
  }
}
